{
  "name": "mimi-land",
  "lockfileVersion": 3,
  "requires": true,
  "packages": {
    "": {
      "dependencies": {
        "@minecraft/server": "1.16.0-beta.1.21.40-preview.25",
        "@minecraft/server-gametest": "1.0.0-beta.1.21.40-preview.25",
        "@minecraft/server-ui": "1.4.0-beta.1.21.40-preview.25"
      }
    },
    "node_modules/@minecraft/common": {
      "version": "1.2.0",
      "resolved": "https://registry.npmjs.org/@minecraft/common/-/common-1.2.0.tgz",
      "integrity": "sha512-JdmEq4P3Z/FtoBzhLijFgMSVFnFRrUoLwY8DHHrgtFo0mfLTOLTB1RErYjLMsA6b7BGVNxkX/pfFRiH7QZ0XwQ==",
      "license": "MIT"
    },
    "node_modules/@minecraft/server": {
      "version": "1.16.0-beta.1.21.40-preview.25",
      "resolved": "https://registry.npmjs.org/@minecraft/server/-/server-1.16.0-beta.1.21.40-preview.25.tgz",
      "integrity": "sha512-kLhhUbEY3H/obTArlc3tWp7bQgNAi7iy4DSIeaLfoPudg5tKYVBfqYxfdf3qa+S5HWKRYpXFK22/aMFUDow6aA==",
      "license": "MIT",
      "dependencies": {
        "@minecraft/common": "^1.1.0"
      }
    },
    "node_modules/@minecraft/server-gametest": {
      "version": "1.0.0-beta.1.21.40-preview.25",
      "resolved": "https://registry.npmjs.org/@minecraft/server-gametest/-/server-gametest-1.0.0-beta.1.21.40-preview.25.tgz",
      "integrity": "sha512-qV2iUvw2tqCIJ812g3H2Uxb1xlbwiIMn860hIk0WFvQGG8jwNO8dm6ILaBxTqLchq8D3FFk+r1Ep/BE5QTLIVQ==",
      "license": "MIT",
      "dependencies": {
        "@minecraft/common": "^1.0.0",
        "@minecraft/server": "^1.8.0"
      }
    },
    "node_modules/@minecraft/server-gametest/node_modules/@minecraft/server": {
      "version": "1.14.0",
      "resolved": "https://registry.npmjs.org/@minecraft/server/-/server-1.14.0.tgz",
      "integrity": "sha512-4oOdkbjD7UBwRUtmPcYvMmyxtDGyUipM6X4h1LjjwrZ07078q8su8F4Almj/R2Qn+e573mLJzQyGUhgtu071ZQ==",
      "license": "MIT",
      "dependencies": {
        "@minecraft/common": "^1.1.0"
      }
    },
    "node_modules/@minecraft/server-ui": {
      "version": "1.4.0-beta.1.21.40-preview.25",
      "resolved": "https://registry.npmjs.org/@minecraft/server-ui/-/server-ui-1.4.0-beta.1.21.40-preview.25.tgz",
      "integrity": "sha512-IOTwPGQ1geoGgZE/iZ5wcDJDf2H6nfFKncEMmPrhUMuajNgpk0pev9yGGRsRK3y8OFStXzduJu3aio/JurOOqQ==",
      "license": "MIT",
      "dependencies": {
        "@minecraft/common": "^1.0.0",
        "@minecraft/server": "^1.8.0"
      }
    },
    "node_modules/@minecraft/server-ui/node_modules/@minecraft/server": {
      "version": "1.14.0",
      "resolved": "https://registry.npmjs.org/@minecraft/server/-/server-1.14.0.tgz",
      "integrity": "sha512-4oOdkbjD7UBwRUtmPcYvMmyxtDGyUipM6X4h1LjjwrZ07078q8su8F4Almj/R2Qn+e573mLJzQyGUhgtu071ZQ==",
      "license": "MIT",
      "dependencies": {
        "@minecraft/common": "^1.1.0"
      }
    }
  }
}
